
Microsoft Visual Studio Solution File, Format Version 12.00
# Visual Studio Version 16
VisualStudioVersion = 16.0.31613.86
MinimumVisualStudioVersion = 10.0.40219.1
Project("{FAE04EC0-301F-11D3-BF4B-00C04F79EFBC}") = "calcularÁreaFiguras", "calcularÁreaFiguras\calcularÁreaFiguras.csproj", "{7D9431DC-70C1-4A59-9F01-E980547EE891}"
EndProject
Global
	GlobalSection(SolutionConfigurationPlatforms) = preSolution
		Debug|Any CPU = Debug|Any CPU
		Release|Any CPU = Release|Any CPU
	EndGlobalSection
	GlobalSection(ProjectConfigurationPlatforms) = postSolution
		{7D9431DC-70C1-4A59-9F01-E980547EE891}.Debug|Any CPU.ActiveCfg = Debug|Any CPU
		{7D9431DC-70C1-4A59-9F01-E980547EE891}.Debug|Any CPU.Build.0 = Debug|Any CPU
		{7D9431DC-70C1-4A59-9F01-E980547EE891}.Release|Any CPU.ActiveCfg = Release|Any CPU
		{7D9431DC-70C1-4A59-9F01-E980547EE891}.Release|Any CPU.Build.0 = Release|Any CPU
	EndGlobalSection
	GlobalSection(SolutionProperties) = preSolution
		HideSolutionNode = FALSE
	EndGlobalSection
	GlobalSection(ExtensibilityGlobals) = postSolution
		SolutionGuid = {01B98942-B189-4B80-B6E7-33D7DA111DA0}
	EndGlobalSection
EndGlobal
